
Microsoft Visual Studio Solution File, Format Version 12.00
# Visual Studio Version 17
VisualStudioVersion = 17.5.002.0
MinimumVisualStudioVersion = 10.0.40219.1
Project("{9A19103F-16F7-4668-BE54-9A1E7A4F7556}") = "CurvaLauncher.I18nPluginTemplate", "CurvaLauncher.I18nPluginTemplate\CurvaLauncher.I18nPluginTemplate.csproj", "{6DE03DDB-7AD5-49B0-B212-07C15D8E1F8C}"
EndProject
Project("{9A19103F-16F7-4668-BE54-9A1E7A4F7556}") = "CurvaLauncher.PluginTemplate", "CurvaLauncher.PluginTemplate\CurvaLauncher.PluginTemplate.csproj", "{709E311C-73D1-438E-B77A-5919CEFDCD72}"
EndProject
Global
	GlobalSection(SolutionConfigurationPlatforms) = preSolution
		Debug|Any CPU = Debug|Any CPU
		Release|Any CPU = Release|Any CPU
	EndGlobalSection
	GlobalSection(ProjectConfigurationPlatforms) = postSolution
		{6DE03DDB-7AD5-49B0-B212-07C15D8E1F8C}.Debug|Any CPU.ActiveCfg = Debug|Any CPU
		{6DE03DDB-7AD5-49B0-B212-07C15D8E1F8C}.Debug|Any CPU.Build.0 = Debug|Any CPU
		{6DE03DDB-7AD5-49B0-B212-07C15D8E1F8C}.Release|Any CPU.ActiveCfg = Release|Any CPU
		{6DE03DDB-7AD5-49B0-B212-07C15D8E1F8C}.Release|Any CPU.Build.0 = Release|Any CPU
		{709E311C-73D1-438E-B77A-5919CEFDCD72}.Debug|Any CPU.ActiveCfg = Debug|Any CPU
		{709E311C-73D1-438E-B77A-5919CEFDCD72}.Debug|Any CPU.Build.0 = Debug|Any CPU
		{709E311C-73D1-438E-B77A-5919CEFDCD72}.Release|Any CPU.ActiveCfg = Release|Any CPU
		{709E311C-73D1-438E-B77A-5919CEFDCD72}.Release|Any CPU.Build.0 = Release|Any CPU
	EndGlobalSection
	GlobalSection(SolutionProperties) = preSolution
		HideSolutionNode = FALSE
	EndGlobalSection
	GlobalSection(ExtensibilityGlobals) = postSolution
		SolutionGuid = {2C1A7E26-DDBB-4487-ACEB-F681452D34C7}
	EndGlobalSection
EndGlobal
