
Microsoft Visual Studio Solution File, Format Version 12.00
# Visual Studio Version 17
VisualStudioVersion = 17.6.33723.286
MinimumVisualStudioVersion = 10.0.40219.1
Project("{9A19103F-16F7-4668-BE54-9A1E7A4F7556}") = "CurvaLauncher", "CurvaLauncher\CurvaLauncher.csproj", "{E2859933-3C13-45CC-A3EF-2FEFEC17C078}"
EndProject
Project("{9A19103F-16F7-4668-BE54-9A1E7A4F7556}") = "CurvaLauncher.Common", "CurvaLauncher.Common\CurvaLauncher.Common.csproj", "{128C4E51-88C8-4998-9DCD-2319350DA501}"
EndProject
Project("{9A19103F-16F7-4668-BE54-9A1E7A4F7556}") = "CurvaLauncher.Plugins", "CurvaLauncher.Plugins\CurvaLauncher.Plugins.csproj", "{78ECD557-CE1D-4CDE-93B2-96EDC58654E4}"
EndProject
Project("{2150E333-8FDC-42A3-9474-1A3956D46DE8}") = "Plugins", "Plugins", "{BAACD50D-2F94-4A65-8B13-49031D617CAC}"
EndProject
Project("{9A19103F-16F7-4668-BE54-9A1E7A4F7556}") = "CurvaLauncher.Plugins.Calculator", "CurvaLauncher.Plugins.Calculator\CurvaLauncher.Plugins.Calculator.csproj", "{C20DA5C5-0683-4997-8628-61337A0772FF}"
EndProject
Project("{9A19103F-16F7-4668-BE54-9A1E7A4F7556}") = "CurvaLauncher.Plugins.OpenUrl", "CurvaLauncher.Plugins.OpenUrl\CurvaLauncher.Plugins.OpenUrl.csproj", "{F54A8D68-B0B0-4296-BE85-BBAD8400C0C9}"
EndProject
Project("{9A19103F-16F7-4668-BE54-9A1E7A4F7556}") = "CurvaLauncher.Plugins.RunProgram", "CurvaLauncher.Plugins.RunProgram\CurvaLauncher.Plugins.RunProgram.csproj", "{C4629C9C-ACAD-4062-968C-ACF8E38D4331}"
EndProject
Project("{9A19103F-16F7-4668-BE54-9A1E7A4F7556}") = "TestConsole", "TestConsole\TestConsole.csproj", "{8834754D-EB48-473A-A42E-DBE2EA4BEF82}"
EndProject
Project("{9A19103F-16F7-4668-BE54-9A1E7A4F7556}") = "CurvaLauncher.Plugins.Test", "CurvaLauncher.Plugins.Test\CurvaLauncher.Plugins.Test.csproj", "{8BB89FEB-49E1-44EE-83E0-5C30B6117675}"
EndProject
Project("{9A19103F-16F7-4668-BE54-9A1E7A4F7556}") = "CurvaLauncher.Plugins.RunApplication", "CurvaLauncher.Plugins.RunApplication\CurvaLauncher.Plugins.RunApplication.csproj", "{C7EF8568-6821-49CE-B2B2-8E0FAABDA7E2}"
EndProject
Project("{9A19103F-16F7-4668-BE54-9A1E7A4F7556}") = "CurvaLauncher.Plugins.Hashing", "CurvaLauncher.Plugins.Hashing\CurvaLauncher.Plugins.Hashing.csproj", "{CF1ADC3E-EC03-462B-ADAC-2E2830D1ACB1}"
EndProject
Project("{9A19103F-16F7-4668-BE54-9A1E7A4F7556}") = "CurvaLauncher.Plugins.Translator", "CurvaLauncher.Plugins.Translator\CurvaLauncher.Plugins.Translator.csproj", "{3B3D63F7-C121-42B4-9A32-A15C86EABA15}"
EndProject
Project("{9A19103F-16F7-4668-BE54-9A1E7A4F7556}") = "CurvaLauncher.Plugins.QuickWebSearch", "CurvaLauncher.Plugins.QuickWebSearch\CurvaLauncher.Plugins.QuickWebSearch.csproj", "{2782D69A-3CE8-4222-83BE-50C6DBC4571F}"
EndProject
Project("{FAE04EC0-301F-11D3-BF4B-00C04F79EFBC}") = "CurvaLauncher.Plugins.Encoding", "CurvaLauncher.Plugins.Encoding\CurvaLauncher.Plugins.Encoding.csproj", "{A69A84DC-CAD8-4DF1-A355-8E7892742808}"
EndProject
Global
	GlobalSection(SolutionConfigurationPlatforms) = preSolution
		Debug|Any CPU = Debug|Any CPU
		Release|Any CPU = Release|Any CPU
	EndGlobalSection
	GlobalSection(ProjectConfigurationPlatforms) = postSolution
		{E2859933-3C13-45CC-A3EF-2FEFEC17C078}.Debug|Any CPU.ActiveCfg = Debug|Any CPU
		{E2859933-3C13-45CC-A3EF-2FEFEC17C078}.Debug|Any CPU.Build.0 = Debug|Any CPU
		{E2859933-3C13-45CC-A3EF-2FEFEC17C078}.Release|Any CPU.ActiveCfg = Release|Any CPU
		{E2859933-3C13-45CC-A3EF-2FEFEC17C078}.Release|Any CPU.Build.0 = Release|Any CPU
		{128C4E51-88C8-4998-9DCD-2319350DA501}.Debug|Any CPU.ActiveCfg = Debug|Any CPU
		{128C4E51-88C8-4998-9DCD-2319350DA501}.Debug|Any CPU.Build.0 = Debug|Any CPU
		{128C4E51-88C8-4998-9DCD-2319350DA501}.Release|Any CPU.ActiveCfg = Release|Any CPU
		{128C4E51-88C8-4998-9DCD-2319350DA501}.Release|Any CPU.Build.0 = Release|Any CPU
		{78ECD557-CE1D-4CDE-93B2-96EDC58654E4}.Debug|Any CPU.ActiveCfg = Debug|Any CPU
		{78ECD557-CE1D-4CDE-93B2-96EDC58654E4}.Debug|Any CPU.Build.0 = Debug|Any CPU
		{78ECD557-CE1D-4CDE-93B2-96EDC58654E4}.Release|Any CPU.ActiveCfg = Release|Any CPU
		{78ECD557-CE1D-4CDE-93B2-96EDC58654E4}.Release|Any CPU.Build.0 = Release|Any CPU
		{C20DA5C5-0683-4997-8628-61337A0772FF}.Debug|Any CPU.ActiveCfg = Debug|Any CPU
		{C20DA5C5-0683-4997-8628-61337A0772FF}.Debug|Any CPU.Build.0 = Debug|Any CPU
		{C20DA5C5-0683-4997-8628-61337A0772FF}.Release|Any CPU.ActiveCfg = Release|Any CPU
		{C20DA5C5-0683-4997-8628-61337A0772FF}.Release|Any CPU.Build.0 = Release|Any CPU
		{F54A8D68-B0B0-4296-BE85-BBAD8400C0C9}.Debug|Any CPU.ActiveCfg = Debug|Any CPU
		{F54A8D68-B0B0-4296-BE85-BBAD8400C0C9}.Debug|Any CPU.Build.0 = Debug|Any CPU
		{F54A8D68-B0B0-4296-BE85-BBAD8400C0C9}.Release|Any CPU.ActiveCfg = Release|Any CPU
		{F54A8D68-B0B0-4296-BE85-BBAD8400C0C9}.Release|Any CPU.Build.0 = Release|Any CPU
		{C4629C9C-ACAD-4062-968C-ACF8E38D4331}.Debug|Any CPU.ActiveCfg = Debug|Any CPU
		{C4629C9C-ACAD-4062-968C-ACF8E38D4331}.Debug|Any CPU.Build.0 = Debug|Any CPU
		{C4629C9C-ACAD-4062-968C-ACF8E38D4331}.Release|Any CPU.ActiveCfg = Release|Any CPU
		{C4629C9C-ACAD-4062-968C-ACF8E38D4331}.Release|Any CPU.Build.0 = Release|Any CPU
		{8834754D-EB48-473A-A42E-DBE2EA4BEF82}.Debug|Any CPU.ActiveCfg = Debug|Any CPU
		{8834754D-EB48-473A-A42E-DBE2EA4BEF82}.Debug|Any CPU.Build.0 = Debug|Any CPU
		{8834754D-EB48-473A-A42E-DBE2EA4BEF82}.Release|Any CPU.ActiveCfg = Release|Any CPU
		{8834754D-EB48-473A-A42E-DBE2EA4BEF82}.Release|Any CPU.Build.0 = Release|Any CPU
		{8BB89FEB-49E1-44EE-83E0-5C30B6117675}.Debug|Any CPU.ActiveCfg = Debug|Any CPU
		{8BB89FEB-49E1-44EE-83E0-5C30B6117675}.Debug|Any CPU.Build.0 = Debug|Any CPU
		{8BB89FEB-49E1-44EE-83E0-5C30B6117675}.Release|Any CPU.ActiveCfg = Release|Any CPU
		{8BB89FEB-49E1-44EE-83E0-5C30B6117675}.Release|Any CPU.Build.0 = Release|Any CPU
		{C7EF8568-6821-49CE-B2B2-8E0FAABDA7E2}.Debug|Any CPU.ActiveCfg = Debug|Any CPU
		{C7EF8568-6821-49CE-B2B2-8E0FAABDA7E2}.Debug|Any CPU.Build.0 = Debug|Any CPU
		{C7EF8568-6821-49CE-B2B2-8E0FAABDA7E2}.Release|Any CPU.ActiveCfg = Release|Any CPU
		{C7EF8568-6821-49CE-B2B2-8E0FAABDA7E2}.Release|Any CPU.Build.0 = Release|Any CPU
		{CF1ADC3E-EC03-462B-ADAC-2E2830D1ACB1}.Debug|Any CPU.ActiveCfg = Debug|Any CPU
		{CF1ADC3E-EC03-462B-ADAC-2E2830D1ACB1}.Debug|Any CPU.Build.0 = Debug|Any CPU
		{CF1ADC3E-EC03-462B-ADAC-2E2830D1ACB1}.Release|Any CPU.ActiveCfg = Release|Any CPU
		{CF1ADC3E-EC03-462B-ADAC-2E2830D1ACB1}.Release|Any CPU.Build.0 = Release|Any CPU
		{3B3D63F7-C121-42B4-9A32-A15C86EABA15}.Debug|Any CPU.ActiveCfg = Debug|Any CPU
		{3B3D63F7-C121-42B4-9A32-A15C86EABA15}.Debug|Any CPU.Build.0 = Debug|Any CPU
		{3B3D63F7-C121-42B4-9A32-A15C86EABA15}.Release|Any CPU.ActiveCfg = Release|Any CPU
		{3B3D63F7-C121-42B4-9A32-A15C86EABA15}.Release|Any CPU.Build.0 = Release|Any CPU
		{2782D69A-3CE8-4222-83BE-50C6DBC4571F}.Debug|Any CPU.ActiveCfg = Debug|Any CPU
		{2782D69A-3CE8-4222-83BE-50C6DBC4571F}.Debug|Any CPU.Build.0 = Debug|Any CPU
		{2782D69A-3CE8-4222-83BE-50C6DBC4571F}.Release|Any CPU.ActiveCfg = Release|Any CPU
		{2782D69A-3CE8-4222-83BE-50C6DBC4571F}.Release|Any CPU.Build.0 = Release|Any CPU
		{A69A84DC-CAD8-4DF1-A355-8E7892742808}.Debug|Any CPU.ActiveCfg = Debug|Any CPU
		{A69A84DC-CAD8-4DF1-A355-8E7892742808}.Debug|Any CPU.Build.0 = Debug|Any CPU
		{A69A84DC-CAD8-4DF1-A355-8E7892742808}.Release|Any CPU.ActiveCfg = Release|Any CPU
		{A69A84DC-CAD8-4DF1-A355-8E7892742808}.Release|Any CPU.Build.0 = Release|Any CPU
	EndGlobalSection
	GlobalSection(SolutionProperties) = preSolution
		HideSolutionNode = FALSE
	EndGlobalSection
	GlobalSection(NestedProjects) = preSolution
		{C20DA5C5-0683-4997-8628-61337A0772FF} = {BAACD50D-2F94-4A65-8B13-49031D617CAC}
		{F54A8D68-B0B0-4296-BE85-BBAD8400C0C9} = {BAACD50D-2F94-4A65-8B13-49031D617CAC}
		{C4629C9C-ACAD-4062-968C-ACF8E38D4331} = {BAACD50D-2F94-4A65-8B13-49031D617CAC}
		{8BB89FEB-49E1-44EE-83E0-5C30B6117675} = {BAACD50D-2F94-4A65-8B13-49031D617CAC}
		{C7EF8568-6821-49CE-B2B2-8E0FAABDA7E2} = {BAACD50D-2F94-4A65-8B13-49031D617CAC}
		{CF1ADC3E-EC03-462B-ADAC-2E2830D1ACB1} = {BAACD50D-2F94-4A65-8B13-49031D617CAC}
		{3B3D63F7-C121-42B4-9A32-A15C86EABA15} = {BAACD50D-2F94-4A65-8B13-49031D617CAC}
		{2782D69A-3CE8-4222-83BE-50C6DBC4571F} = {BAACD50D-2F94-4A65-8B13-49031D617CAC}
		{A69A84DC-CAD8-4DF1-A355-8E7892742808} = {BAACD50D-2F94-4A65-8B13-49031D617CAC}
	EndGlobalSection
	GlobalSection(ExtensibilityGlobals) = postSolution
		SolutionGuid = {3FC4E11A-3D67-43DE-84D8-DCA1841F0D71}
	EndGlobalSection
EndGlobal
